{
  "name": "tree-sitter-rusk",
  "version": "0.1.0",
  "lockfileVersion": 3,
  "requires": true,
  "packages": {
    "": {
      "name": "tree-sitter-rusk",
      "version": "0.1.0",
      "license": "MIT",
      "devDependencies": {
        "tree-sitter-cli": "^0.26.6"
      }
    },
    "node_modules/tree-sitter-cli": {
      "version": "0.26.6",
      "resolved": "https://registry.npmmirror.com/tree-sitter-cli/-/tree-sitter-cli-0.26.6.tgz",
      "integrity": "sha512-aMC+NcvjGGAE63UNiaZLpcLwMT53tc6ikVLas5Edm+HmiM4NJ9wY05Nrug487gonGKdPz6e48zHsTnVEHAH1HA==",
      "dev": true,
      "hasInstallScript": true,
      "license": "MIT",
      "bin": {
        "tree-sitter": "cli.js"
      },
      "engines": {
        "node": ">=12.0.0"
      }
    }
  }
}
